
Microsoft Visual Studio Solution File, Format Version 12.00
# Visual Studio Version 17
VisualStudioVersion = 17.4.33122.133
MinimumVisualStudioVersion = 10.0.40219.1
Project("{9A19103F-16F7-4668-BE54-9A1E7A4F7556}") = "YK1000", "YK1000\YK1000.csproj", "{3E5AC4D7-BEC0-424F-B36A-5C4862539EE0}"
EndProject
Project("{9A19103F-16F7-4668-BE54-9A1E7A4F7556}") = "ExcelLib", "ExcelLib\ExcelLib.csproj", "{0BB933BF-BDF5-4EC7-912C-C4B9AA0B029A}"
EndProject
Project("{9A19103F-16F7-4668-BE54-9A1E7A4F7556}") = "ModelsLib", "ModelsLib\ModelsLib.csproj", "{893480E4-955A-4A59-8748-59561B19DC15}"
EndProject
Project("{9A19103F-16F7-4668-BE54-9A1E7A4F7556}") = "Crawler", "Crawler\Crawler.csproj", "{3A50E6A9-EC0F-4185-95C1-567C70207A8A}"
EndProject
Project("{9A19103F-16F7-4668-BE54-9A1E7A4F7556}") = "YK1000-GUI", "YK1000-GUI\YK1000-GUI.csproj", "{49252968-73D6-43AD-BD5C-40148254B2E0}"
EndProject
Project("{FAE04EC0-301F-11D3-BF4B-00C04F79EFBC}") = "YK1000-Alpha", "YK1000-Alpha\YK1000-Alpha.csproj", "{668AF105-7B76-4A9A-8E48-6EE6C793B2F7}"
EndProject
Global
	GlobalSection(SolutionConfigurationPlatforms) = preSolution
		Debug|Any CPU = Debug|Any CPU
		Release|Any CPU = Release|Any CPU
	EndGlobalSection
	GlobalSection(ProjectConfigurationPlatforms) = postSolution
		{3E5AC4D7-BEC0-424F-B36A-5C4862539EE0}.Debug|Any CPU.ActiveCfg = Debug|Any CPU
		{3E5AC4D7-BEC0-424F-B36A-5C4862539EE0}.Debug|Any CPU.Build.0 = Debug|Any CPU
		{3E5AC4D7-BEC0-424F-B36A-5C4862539EE0}.Release|Any CPU.ActiveCfg = Release|Any CPU
		{3E5AC4D7-BEC0-424F-B36A-5C4862539EE0}.Release|Any CPU.Build.0 = Release|Any CPU
		{0BB933BF-BDF5-4EC7-912C-C4B9AA0B029A}.Debug|Any CPU.ActiveCfg = Debug|Any CPU
		{0BB933BF-BDF5-4EC7-912C-C4B9AA0B029A}.Debug|Any CPU.Build.0 = Debug|Any CPU
		{0BB933BF-BDF5-4EC7-912C-C4B9AA0B029A}.Release|Any CPU.ActiveCfg = Release|Any CPU
		{0BB933BF-BDF5-4EC7-912C-C4B9AA0B029A}.Release|Any CPU.Build.0 = Release|Any CPU
		{893480E4-955A-4A59-8748-59561B19DC15}.Debug|Any CPU.ActiveCfg = Debug|Any CPU
		{893480E4-955A-4A59-8748-59561B19DC15}.Debug|Any CPU.Build.0 = Debug|Any CPU
		{893480E4-955A-4A59-8748-59561B19DC15}.Release|Any CPU.ActiveCfg = Release|Any CPU
		{893480E4-955A-4A59-8748-59561B19DC15}.Release|Any CPU.Build.0 = Release|Any CPU
		{3A50E6A9-EC0F-4185-95C1-567C70207A8A}.Debug|Any CPU.ActiveCfg = Debug|Any CPU
		{3A50E6A9-EC0F-4185-95C1-567C70207A8A}.Debug|Any CPU.Build.0 = Debug|Any CPU
		{3A50E6A9-EC0F-4185-95C1-567C70207A8A}.Release|Any CPU.ActiveCfg = Release|Any CPU
		{3A50E6A9-EC0F-4185-95C1-567C70207A8A}.Release|Any CPU.Build.0 = Release|Any CPU
		{49252968-73D6-43AD-BD5C-40148254B2E0}.Debug|Any CPU.ActiveCfg = Debug|Any CPU
		{49252968-73D6-43AD-BD5C-40148254B2E0}.Debug|Any CPU.Build.0 = Debug|Any CPU
		{49252968-73D6-43AD-BD5C-40148254B2E0}.Release|Any CPU.ActiveCfg = Release|Any CPU
		{49252968-73D6-43AD-BD5C-40148254B2E0}.Release|Any CPU.Build.0 = Release|Any CPU
		{668AF105-7B76-4A9A-8E48-6EE6C793B2F7}.Debug|Any CPU.ActiveCfg = Debug|Any CPU
		{668AF105-7B76-4A9A-8E48-6EE6C793B2F7}.Debug|Any CPU.Build.0 = Debug|Any CPU
		{668AF105-7B76-4A9A-8E48-6EE6C793B2F7}.Release|Any CPU.ActiveCfg = Release|Any CPU
		{668AF105-7B76-4A9A-8E48-6EE6C793B2F7}.Release|Any CPU.Build.0 = Release|Any CPU
	EndGlobalSection
	GlobalSection(SolutionProperties) = preSolution
		HideSolutionNode = FALSE
	EndGlobalSection
	GlobalSection(ExtensibilityGlobals) = postSolution
		SolutionGuid = {362516A5-8E0D-4869-B682-F0E56C21E854}
	EndGlobalSection
EndGlobal
